// !$*UTF8*$!
{
	archiveVersion = 1;
	classes = {
	};
	objectVersion = 55;
	objects = {

/* Begin PBXBuildFile section */
		043D354328BCF213007D8DA3 /* Amiri-Italic.ttf in Resources */ = {isa = PBXBuildFile; fileRef = 043D353F28BCF213007D8DA3 /* Amiri-Italic.ttf */; };
		043D354428BCF213007D8DA3 /* Amiri-Bold.ttf in Resources */ = {isa = PBXBuildFile; fileRef = 043D354028BCF213007D8DA3 /* Amiri-Bold.ttf */; };
		043D354528BCF213007D8DA3 /* Amiri-Regular.ttf in Resources */ = {isa = PBXBuildFile; fileRef = 043D354128BCF213007D8DA3 /* Amiri-Regular.ttf */; };
		043D354628BCF213007D8DA3 /* Amiri-BoldItalic.ttf in Resources */ = {isa = PBXBuildFile; fileRef = 043D354228BCF213007D8DA3 /* Amiri-BoldItalic.ttf */; };
		043D354928BD0F74007D8DA3 /* ChooseView.swift in Sources */ = {isa = PBXBuildFile; fileRef = 043D354828BD0F74007D8DA3 /* ChooseView.swift */; };
		043D356C28BFF925007D8DA3 /* CreateView.swift in Sources */ = {isa = PBXBuildFile; fileRef = 043D356B28BFF925007D8DA3 /* CreateView.swift */; };
		043D357228C11006007D8DA3 /* PlanModel.swift in Sources */ = {isa = PBXBuildFile; fileRef = 043D357128C11006007D8DA3 /* PlanModel.swift */; };
		043D357428C11A17007D8DA3 /* RepoView.swift in Sources */ = {isa = PBXBuildFile; fileRef = 043D357328C11A17007D8DA3 /* RepoView.swift */; };
		043D357628C1227E007D8DA3 /* SecChooseView.swift in Sources */ = {isa = PBXBuildFile; fileRef = 043D357528C1227E007D8DA3 /* SecChooseView.swift */; };
		043D357828C234EC007D8DA3 /* RegionModel.swift in Sources */ = {isa = PBXBuildFile; fileRef = 043D357728C234EC007D8DA3 /* RegionModel.swift */; };
		043D357A28C29370007D8DA3 /* TripView.swift in Sources */ = {isa = PBXBuildFile; fileRef = 043D357928C29370007D8DA3 /* TripView.swift */; };
		043D358028C29A1D007D8DA3 /* SecCreateView.swift in Sources */ = {isa = PBXBuildFile; fileRef = 043D357F28C29A1D007D8DA3 /* SecCreateView.swift */; };
		043D358428C33AD0007D8DA3 /* LoginView.swift in Sources */ = {isa = PBXBuildFile; fileRef = 043D358328C33AD0007D8DA3 /* LoginView.swift */; };
		043D358628C33FA7007D8DA3 /* HomeView.swift in Sources */ = {isa = PBXBuildFile; fileRef = 043D358528C33FA7007D8DA3 /* HomeView.swift */; };
		043D358828C390F0007D8DA3 /* ThirdView.swift in Sources */ = {isa = PBXBuildFile; fileRef = 043D358728C390F0007D8DA3 /* ThirdView.swift */; };
		043D358A28C3DABB007D8DA3 /* PlaceModel.swift in Sources */ = {isa = PBXBuildFile; fileRef = 043D358928C3DABB007D8DA3 /* PlaceModel.swift */; };
		043D358C28C4011D007D8DA3 /* MoodTextView.swift in Sources */ = {isa = PBXBuildFile; fileRef = 043D358B28C4011C007D8DA3 /* MoodTextView.swift */; };
		043D358F28C4053E007D8DA3 /* listRowView.swift in Sources */ = {isa = PBXBuildFile; fileRef = 043D358E28C4053E007D8DA3 /* listRowView.swift */; };
		043D359328C46FBF007D8DA3 /* MyPlansView.swift in Sources */ = {isa = PBXBuildFile; fileRef = 043D359228C46FBF007D8DA3 /* MyPlansView.swift */; };
		043D359928C48DEA007D8DA3 /* SideMenuView.swift in Sources */ = {isa = PBXBuildFile; fileRef = 043D359828C48DEA007D8DA3 /* SideMenuView.swift */; };
		043D359B28C49913007D8DA3 /* MenuView.swift in Sources */ = {isa = PBXBuildFile; fileRef = 043D359A28C49913007D8DA3 /* MenuView.swift */; };
		043D359D28C4AE87007D8DA3 /* CreatePlcsModel.swift in Sources */ = {isa = PBXBuildFile; fileRef = 043D359C28C4AE87007D8DA3 /* CreatePlcsModel.swift */; };
		043D359F28C59161007D8DA3 /* MyPlansModel.swift in Sources */ = {isa = PBXBuildFile; fileRef = 043D359E28C59161007D8DA3 /* MyPlansModel.swift */; };
		043D35A128C5DF50007D8DA3 /* SignUpView.swift in Sources */ = {isa = PBXBuildFile; fileRef = 043D35A028C5DF50007D8DA3 /* SignUpView.swift */; };
		043D35A628C66166007D8DA3 /* AddPlanView.swift in Sources */ = {isa = PBXBuildFile; fileRef = 043D35A528C66166007D8DA3 /* AddPlanView.swift */; };
		045563BE28BA2DD800CCE00D /* MyPlanApp.swift in Sources */ = {isa = PBXBuildFile; fileRef = 045563BD28BA2DD800CCE00D /* MyPlanApp.swift */; };
		045563C028BA2DD800CCE00D /* ContentView.swift in Sources */ = {isa = PBXBuildFile; fileRef = 045563BF28BA2DD800CCE00D /* ContentView.swift */; };
		045563C228BA2DD900CCE00D /* Assets.xcassets in Resources */ = {isa = PBXBuildFile; fileRef = 045563C128BA2DD900CCE00D /* Assets.xcassets */; };
		045563C528BA2DD900CCE00D /* Preview Assets.xcassets in Resources */ = {isa = PBXBuildFile; fileRef = 045563C428BA2DD900CCE00D /* Preview Assets.xcassets */; };
/* End PBXBuildFile section */

/* Begin PBXFileReference section */
		043D353F28BCF213007D8DA3 /* Amiri-Italic.ttf */ = {isa = PBXFileReference; lastKnownFileType = file; path = "Amiri-Italic.ttf"; sourceTree = "<group>"; };
		043D354028BCF213007D8DA3 /* Amiri-Bold.ttf */ = {isa = PBXFileReference; lastKnownFileType = file; path = "Amiri-Bold.ttf"; sourceTree = "<group>"; };
		043D354128BCF213007D8DA3 /* Amiri-Regular.ttf */ = {isa = PBXFileReference; lastKnownFileType = file; path = "Amiri-Regular.ttf"; sourceTree = "<group>"; };
		043D354228BCF213007D8DA3 /* Amiri-BoldItalic.ttf */ = {isa = PBXFileReference; lastKnownFileType = file; path = "Amiri-BoldItalic.ttf"; sourceTree = "<group>"; };
		043D354728BCF230007D8DA3 /* Info.plist */ = {isa = PBXFileReference; lastKnownFileType = text.plist; path = Info.plist; sourceTree = "<group>"; };
		043D354828BD0F74007D8DA3 /* ChooseView.swift */ = {isa = PBXFileReference; lastKnownFileType = sourcecode.swift; path = ChooseView.swift; sourceTree = "<group>"; };
		043D356B28BFF925007D8DA3 /* CreateView.swift */ = {isa = PBXFileReference; lastKnownFileType = sourcecode.swift; path = CreateView.swift; sourceTree = "<group>"; };
		043D357128C11006007D8DA3 /* PlanModel.swift */ = {isa = PBXFileReference; lastKnownFileType = sourcecode.swift; path = PlanModel.swift; sourceTree = "<group>"; };
		043D357328C11A17007D8DA3 /* RepoView.swift */ = {isa = PBXFileReference; lastKnownFileType = sourcecode.swift; path = RepoView.swift; sourceTree = "<group>"; };
		043D357528C1227E007D8DA3 /* SecChooseView.swift */ = {isa = PBXFileReference; lastKnownFileType = sourcecode.swift; path = SecChooseView.swift; sourceTree = "<group>"; };
		043D357728C234EC007D8DA3 /* RegionModel.swift */ = {isa = PBXFileReference; lastKnownFileType = sourcecode.swift; path = RegionModel.swift; sourceTree = "<group>"; };
		043D357928C29370007D8DA3 /* TripView.swift */ = {isa = PBXFileReference; lastKnownFileType = sourcecode.swift; path = TripView.swift; sourceTree = "<group>"; };
		043D357F28C29A1D007D8DA3 /* SecCreateView.swift */ = {isa = PBXFileReference; lastKnownFileType = sourcecode.swift; path = SecCreateView.swift; sourceTree = "<group>"; usesTabs = 0; };
		043D358328C33AD0007D8DA3 /* LoginView.swift */ = {isa = PBXFileReference; lastKnownFileType = sourcecode.swift; path = LoginView.swift; sourceTree = "<group>"; };
		043D358528C33FA7007D8DA3 /* HomeView.swift */ = {isa = PBXFileReference; lastKnownFileType = sourcecode.swift; path = HomeView.swift; sourceTree = "<group>"; };
		043D358728C390F0007D8DA3 /* ThirdView.swift */ = {isa = PBXFileReference; lastKnownFileType = sourcecode.swift; path = ThirdView.swift; sourceTree = "<group>"; };
		043D358928C3DABB007D8DA3 /* PlaceModel.swift */ = {isa = PBXFileReference; lastKnownFileType = sourcecode.swift; path = PlaceModel.swift; sourceTree = "<group>"; };
		043D358B28C4011C007D8DA3 /* MoodTextView.swift */ = {isa = PBXFileReference; lastKnownFileType = sourcecode.swift; path = MoodTextView.swift; sourceTree = "<group>"; };
		043D358E28C4053E007D8DA3 /* listRowView.swift */ = {isa = PBXFileReference; lastKnownFileType = sourcecode.swift; path = listRowView.swift; sourceTree = "<group>"; };
		043D359228C46FBF007D8DA3 /* MyPlansView.swift */ = {isa = PBXFileReference; lastKnownFileType = sourcecode.swift; path = MyPlansView.swift; sourceTree = "<group>"; };
		043D359828C48DEA007D8DA3 /* SideMenuView.swift */ = {isa = PBXFileReference; lastKnownFileType = sourcecode.swift; path = SideMenuView.swift; sourceTree = "<group>"; };
		043D359A28C49913007D8DA3 /* MenuView.swift */ = {isa = PBXFileReference; lastKnownFileType = sourcecode.swift; path = MenuView.swift; sourceTree = "<group>"; };
		043D359C28C4AE87007D8DA3 /* CreatePlcsModel.swift */ = {isa = PBXFileReference; lastKnownFileType = sourcecode.swift; path = CreatePlcsModel.swift; sourceTree = "<group>"; };
		043D359E28C59161007D8DA3 /* MyPlansModel.swift */ = {isa = PBXFileReference; lastKnownFileType = sourcecode.swift; path = MyPlansModel.swift; sourceTree = "<group>"; };
		043D35A028C5DF50007D8DA3 /* SignUpView.swift */ = {isa = PBXFileReference; lastKnownFileType = sourcecode.swift; path = SignUpView.swift; sourceTree = "<group>"; };
		043D35A528C66166007D8DA3 /* AddPlanView.swift */ = {isa = PBXFileReference; lastKnownFileType = sourcecode.swift; path = AddPlanView.swift; sourceTree = "<group>"; };
		045563BA28BA2DD800CCE00D /* MyPlan.app */ = {isa = PBXFileReference; explicitFileType = wrapper.application; includeInIndex = 0; path = MyPlan.app; sourceTree = BUILT_PRODUCTS_DIR; };
		045563BD28BA2DD800CCE00D /* MyPlanApp.swift */ = {isa = PBXFileReference; lastKnownFileType = sourcecode.swift; path = MyPlanApp.swift; sourceTree = "<group>"; };
		045563BF28BA2DD800CCE00D /* ContentView.swift */ = {isa = PBXFileReference; lastKnownFileType = sourcecode.swift; path = ContentView.swift; sourceTree = "<group>"; };
		045563C128BA2DD900CCE00D /* Assets.xcassets */ = {isa = PBXFileReference; lastKnownFileType = folder.assetcatalog; path = Assets.xcassets; sourceTree = "<group>"; };
		045563C428BA2DD900CCE00D /* Preview Assets.xcassets */ = {isa = PBXFileReference; lastKnownFileType = folder.assetcatalog; path = "Preview Assets.xcassets"; sourceTree = "<group>"; };
/* End PBXFileReference section */

/* Begin PBXFrameworksBuildPhase section */
		045563B728BA2DD800CCE00D /* Frameworks */ = {
			isa = PBXFrameworksBuildPhase;
			buildActionMask = 2147483647;
			files = (
			);
			runOnlyForDeploymentPostprocessing = 0;
		};
/* End PBXFrameworksBuildPhase section */

/* Begin PBXGroup section */
		043D353E28BCF1D2007D8DA3 /* fonts */ = {
			isa = PBXGroup;
			children = (
				043D354028BCF213007D8DA3 /* Amiri-Bold.ttf */,
				043D354228BCF213007D8DA3 /* Amiri-BoldItalic.ttf */,
				043D353F28BCF213007D8DA3 /* Amiri-Italic.ttf */,
				043D354128BCF213007D8DA3 /* Amiri-Regular.ttf */,
			);
			path = fonts;
			sourceTree = "<group>";
		};
		043D357B28C2939F007D8DA3 /* Extract SubView */ = {
			isa = PBXGroup;
			children = (
				043D357928C29370007D8DA3 /* TripView.swift */,
				043D357328C11A17007D8DA3 /* RepoView.swift */,
				043D358E28C4053E007D8DA3 /* listRowView.swift */,
				043D359A28C49913007D8DA3 /* MenuView.swift */,
				043D35A528C66166007D8DA3 /* AddPlanView.swift */,
			);
			path = "Extract SubView";
			sourceTree = "<group>";
		};
		043D357C28C2947D007D8DA3 /* Models */ = {
			isa = PBXGroup;
			children = (
				043D357128C11006007D8DA3 /* PlanModel.swift */,
				043D357728C234EC007D8DA3 /* RegionModel.swift */,
				043D358928C3DABB007D8DA3 /* PlaceModel.swift */,
				043D359C28C4AE87007D8DA3 /* CreatePlcsModel.swift */,
				043D359E28C59161007D8DA3 /* MyPlansModel.swift */,
			);
			path = Models;
			sourceTree = "<group>";
		};
		043D357D28C2993A007D8DA3 /* Choose */ = {
			isa = PBXGroup;
			children = (
				043D354828BD0F74007D8DA3 /* ChooseView.swift */,
				043D357528C1227E007D8DA3 /* SecChooseView.swift */,
				043D358728C390F0007D8DA3 /* ThirdView.swift */,
			);
			path = Choose;
			sourceTree = "<group>";
		};
		043D357E28C2996C007D8DA3 /* Create */ = {
			isa = PBXGroup;
			children = (
				043D356B28BFF925007D8DA3 /* CreateView.swift */,
				043D357F28C29A1D007D8DA3 /* SecCreateView.swift */,
			);
			path = Create;
			sourceTree = "<group>";
		};
		043D358D28C401EF007D8DA3 /* Modifiers */ = {
			isa = PBXGroup;
			children = (
				043D358B28C4011C007D8DA3 /* MoodTextView.swift */,
			);
			path = Modifiers;
			sourceTree = "<group>";
		};
		043D35A228C5DF76007D8DA3 /* Account */ = {
			isa = PBXGroup;
			children = (
				043D358328C33AD0007D8DA3 /* LoginView.swift */,
				043D35A028C5DF50007D8DA3 /* SignUpView.swift */,
			);
			path = Account;
			sourceTree = "<group>";
		};
		045563B128BA2DD800CCE00D = {
			isa = PBXGroup;
			children = (
				045563BC28BA2DD800CCE00D /* MyPlan */,
				045563BB28BA2DD800CCE00D /* Products */,
			);
			sourceTree = "<group>";
		};
		045563BB28BA2DD800CCE00D /* Products */ = {
			isa = PBXGroup;
			children = (
				045563BA28BA2DD800CCE00D /* MyPlan.app */,
			);
			name = Products;
			sourceTree = "<group>";
		};
		045563BC28BA2DD800CCE00D /* MyPlan */ = {
			isa = PBXGroup;
			children = (
				043D354728BCF230007D8DA3 /* Info.plist */,
				045563C128BA2DD900CCE00D /* Assets.xcassets */,
				045563BD28BA2DD800CCE00D /* MyPlanApp.swift */,
				045563BF28BA2DD800CCE00D /* ContentView.swift */,
				043D358528C33FA7007D8DA3 /* HomeView.swift */,
				043D359228C46FBF007D8DA3 /* MyPlansView.swift */,
				043D359828C48DEA007D8DA3 /* SideMenuView.swift */,
				043D35A228C5DF76007D8DA3 /* Account */,
				043D357D28C2993A007D8DA3 /* Choose */,
				043D357E28C2996C007D8DA3 /* Create */,
				043D357B28C2939F007D8DA3 /* Extract SubView */,
				043D357C28C2947D007D8DA3 /* Models */,
				043D358D28C401EF007D8DA3 /* Modifiers */,
				043D353E28BCF1D2007D8DA3 /* fonts */,
				045563C328BA2DD900CCE00D /* Preview Content */,
			);
			path = MyPlan;
			sourceTree = "<group>";
		};
		045563C328BA2DD900CCE00D /* Preview Content */ = {
			isa = PBXGroup;
			children = (
				045563C428BA2DD900CCE00D /* Preview Assets.xcassets */,
			);
			path = "Preview Content";
			sourceTree = "<group>";
		};
/* End PBXGroup section */

/* Begin PBXNativeTarget section */
		045563B928BA2DD800CCE00D /* MyPlan */ = {
			isa = PBXNativeTarget;
			buildConfigurationList = 045563C828BA2DD900CCE00D /* Build configuration list for PBXNativeTarget "MyPlan" */;
			buildPhases = (
				045563B628BA2DD800CCE00D /* Sources */,
				045563B728BA2DD800CCE00D /* Frameworks */,
				045563B828BA2DD800CCE00D /* Resources */,
			);
			buildRules = (
			);
			dependencies = (
			);
			name = MyPlan;
			productName = MyPlan;
			productReference = 045563BA28BA2DD800CCE00D /* MyPlan.app */;
			productType = "com.apple.product-type.application";
		};
/* End PBXNativeTarget section */

/* Begin PBXProject section */
		045563B228BA2DD800CCE00D /* Project object */ = {
			isa = PBXProject;
			attributes = {
				BuildIndependentTargetsInParallel = 1;
				LastSwiftUpdateCheck = 1340;
				LastUpgradeCheck = 1340;
				TargetAttributes = {
					045563B928BA2DD800CCE00D = {
						CreatedOnToolsVersion = 13.4.1;
					};
				};
			};
			buildConfigurationList = 045563B528BA2DD800CCE00D /* Build configuration list for PBXProject "MyPlan" */;
			compatibilityVersion = "Xcode 13.0";
			developmentRegion = en;
			hasScannedForEncodings = 0;
			knownRegions = (
				en,
				Base,
			);
			mainGroup = 045563B128BA2DD800CCE00D;
			productRefGroup = 045563BB28BA2DD800CCE00D /* Products */;
			projectDirPath = "";
			projectRoot = "";
			targets = (
				045563B928BA2DD800CCE00D /* MyPlan */,
			);
		};
/* End PBXProject section */

/* Begin PBXResourcesBuildPhase section */
		045563B828BA2DD800CCE00D /* Resources */ = {
			isa = PBXResourcesBuildPhase;
			buildActionMask = 2147483647;
			files = (
				043D354528BCF213007D8DA3 /* Amiri-Regular.ttf in Resources */,
				045563C528BA2DD900CCE00D /* Preview Assets.xcassets in Resources */,
				045563C228BA2DD900CCE00D /* Assets.xcassets in Resources */,
				043D354428BCF213007D8DA3 /* Amiri-Bold.ttf in Resources */,
				043D354628BCF213007D8DA3 /* Amiri-BoldItalic.ttf in Resources */,
				043D354328BCF213007D8DA3 /* Amiri-Italic.ttf in Resources */,
			);
			runOnlyForDeploymentPostprocessing = 0;
		};
/* End PBXResourcesBuildPhase section */

/* Begin PBXSourcesBuildPhase section */
		045563B628BA2DD800CCE00D /* Sources */ = {
			isa = PBXSourcesBuildPhase;
			buildActionMask = 2147483647;
			files = (
				043D358028C29A1D007D8DA3 /* SecCreateView.swift in Sources */,
				043D358C28C4011D007D8DA3 /* MoodTextView.swift in Sources */,
				043D359F28C59161007D8DA3 /* MyPlansModel.swift in Sources */,
				043D358828C390F0007D8DA3 /* ThirdView.swift in Sources */,
				043D358628C33FA7007D8DA3 /* HomeView.swift in Sources */,
				043D35A628C66166007D8DA3 /* AddPlanView.swift in Sources */,
				043D359928C48DEA007D8DA3 /* SideMenuView.swift in Sources */,
				043D359B28C49913007D8DA3 /* MenuView.swift in Sources */,
				043D357A28C29370007D8DA3 /* TripView.swift in Sources */,
				043D357228C11006007D8DA3 /* PlanModel.swift in Sources */,
				043D358428C33AD0007D8DA3 /* LoginView.swift in Sources */,
				045563C028BA2DD800CCE00D /* ContentView.swift in Sources */,
				043D354928BD0F74007D8DA3 /* ChooseView.swift in Sources */,
				043D357828C234EC007D8DA3 /* RegionModel.swift in Sources */,
				043D359328C46FBF007D8DA3 /* MyPlansView.swift in Sources */,
				043D359D28C4AE87007D8DA3 /* CreatePlcsModel.swift in Sources */,
				045563BE28BA2DD800CCE00D /* MyPlanApp.swift in Sources */,
				043D35A128C5DF50007D8DA3 /* SignUpView.swift in Sources */,
				043D358F28C4053E007D8DA3 /* listRowView.swift in Sources */,
				043D357428C11A17007D8DA3 /* RepoView.swift in Sources */,
				043D358A28C3DABB007D8DA3 /* PlaceModel.swift in Sources */,
				043D356C28BFF925007D8DA3 /* CreateView.swift in Sources */,
				043D357628C1227E007D8DA3 /* SecChooseView.swift in Sources */,
			);
			runOnlyForDeploymentPostprocessing = 0;
		};
/* End PBXSourcesBuildPhase section */

/* Begin XCBuildConfiguration section */
		045563C628BA2DD900CCE00D /* Debug */ = {
			isa = XCBuildConfiguration;
			buildSettings = {
				ALWAYS_SEARCH_USER_PATHS = NO;
				CLANG_ANALYZER_NONNULL = YES;
				CLANG_ANALYZER_NUMBER_OBJECT_CONVERSION = YES_AGGRESSIVE;
				CLANG_CXX_LANGUAGE_STANDARD = "gnu++17";
				CLANG_ENABLE_MODULES = YES;
				CLANG_ENABLE_OBJC_ARC = YES;
				CLANG_ENABLE_OBJC_WEAK = YES;
				CLANG_WARN_BLOCK_CAPTURE_AUTORELEASING = YES;
				CLANG_WARN_BOOL_CONVERSION = YES;
				CLANG_WARN_COMMA = YES;
				CLANG_WARN_CONSTANT_CONVERSION = YES;
				CLANG_WARN_DEPRECATED_OBJC_IMPLEMENTATIONS = YES;
				CLANG_WARN_DIRECT_OBJC_ISA_USAGE = YES_ERROR;
				CLANG_WARN_DOCUMENTATION_COMMENTS = YES;
				CLANG_WARN_EMPTY_BODY = YES;
				CLANG_WARN_ENUM_CONVERSION = YES;
				CLANG_WARN_INFINITE_RECURSION = YES;
				CLANG_WARN_INT_CONVERSION = YES;
				CLANG_WARN_NON_LITERAL_NULL_CONVERSION = YES;
				CLANG_WARN_OBJC_IMPLICIT_RETAIN_SELF = YES;
				CLANG_WARN_OBJC_LITERAL_CONVERSION = YES;
				CLANG_WARN_OBJC_ROOT_CLASS = YES_ERROR;
				CLANG_WARN_QUOTED_INCLUDE_IN_FRAMEWORK_HEADER = YES;
				CLANG_WARN_RANGE_LOOP_ANALYSIS = YES;
				CLANG_WARN_STRICT_PROTOTYPES = YES;
				CLANG_WARN_SUSPICIOUS_MOVE = YES;
				CLANG_WARN_UNGUARDED_AVAILABILITY = YES_AGGRESSIVE;
				CLANG_WARN_UNREACHABLE_CODE = YES;
				CLANG_WARN__DUPLICATE_METHOD_MATCH = YES;
				COPY_PHASE_STRIP = NO;
				DEBUG_INFORMATION_FORMAT = dwarf;
				ENABLE_STRICT_OBJC_MSGSEND = YES;
				ENABLE_TESTABILITY = YES;
				GCC_C_LANGUAGE_STANDARD = gnu11;
				GCC_DYNAMIC_NO_PIC = NO;
				GCC_NO_COMMON_BLOCKS = YES;
				GCC_OPTIMIZATION_LEVEL = 0;
				GCC_PREPROCESSOR_DEFINITIONS = (
					"DEBUG=1",
					"$(inherited)",
				);
				GCC_WARN_64_TO_32_BIT_CONVERSION = YES;
				GCC_WARN_ABOUT_RETURN_TYPE = YES_ERROR;
				GCC_WARN_UNDECLARED_SELECTOR = YES;
				GCC_WARN_UNINITIALIZED_AUTOS = YES_AGGRESSIVE;
				GCC_WARN_UNUSED_FUNCTION = YES;
				GCC_WARN_UNUSED_VARIABLE = YES;
				IPHONEOS_DEPLOYMENT_TARGET = 15.5;
				MTL_ENABLE_DEBUG_INFO = INCLUDE_SOURCE;
				MTL_FAST_MATH = YES;
				ONLY_ACTIVE_ARCH = YES;
				SDKROOT = iphoneos;
				SWIFT_ACTIVE_COMPILATION_CONDITIONS = DEBUG;
				SWIFT_OPTIMIZATION_LEVEL = "-Onone";
			};
			name = Debug;
		};
		045563C728BA2DD900CCE00D /* Release */ = {
			isa = XCBuildConfiguration;
			buildSettings = {
				ALWAYS_SEARCH_USER_PATHS = NO;
				CLANG_ANALYZER_NONNULL = YES;
				CLANG_ANALYZER_NUMBER_OBJECT_CONVERSION = YES_AGGRESSIVE;
				CLANG_CXX_LANGUAGE_STANDARD = "gnu++17";
				CLANG_ENABLE_MODULES = YES;
				CLANG_ENABLE_OBJC_ARC = YES;
				CLANG_ENABLE_OBJC_WEAK = YES;
				CLANG_WARN_BLOCK_CAPTURE_AUTORELEASING = YES;
				CLANG_WARN_BOOL_CONVERSION = YES;
				CLANG_WARN_COMMA = YES;
				CLANG_WARN_CONSTANT_CONVERSION = YES;
				CLANG_WARN_DEPRECATED_OBJC_IMPLEMENTATIONS = YES;
				CLANG_WARN_DIRECT_OBJC_ISA_USAGE = YES_ERROR;
				CLANG_WARN_DOCUMENTATION_COMMENTS = YES;
				CLANG_WARN_EMPTY_BODY = YES;
				CLANG_WARN_ENUM_CONVERSION = YES;
				CLANG_WARN_INFINITE_RECURSION = YES;
				CLANG_WARN_INT_CONVERSION = YES;
				CLANG_WARN_NON_LITERAL_NULL_CONVERSION = YES;
				CLANG_WARN_OBJC_IMPLICIT_RETAIN_SELF = YES;
				CLANG_WARN_OBJC_LITERAL_CONVERSION = YES;
				CLANG_WARN_OBJC_ROOT_CLASS = YES_ERROR;
				CLANG_WARN_QUOTED_INCLUDE_IN_FRAMEWORK_HEADER = YES;
				CLANG_WARN_RANGE_LOOP_ANALYSIS = YES;
				CLANG_WARN_STRICT_PROTOTYPES = YES;
				CLANG_WARN_SUSPICIOUS_MOVE = YES;
				CLANG_WARN_UNGUARDED_AVAILABILITY = YES_AGGRESSIVE;
				CLANG_WARN_UNREACHABLE_CODE = YES;
				CLANG_WARN__DUPLICATE_METHOD_MATCH = YES;
				COPY_PHASE_STRIP = NO;
				DEBUG_INFORMATION_FORMAT = "dwarf-with-dsym";
				ENABLE_NS_ASSERTIONS = NO;
				ENABLE_STRICT_OBJC_MSGSEND = YES;
				GCC_C_LANGUAGE_STANDARD = gnu11;
				GCC_NO_COMMON_BLOCKS = YES;
				GCC_WARN_64_TO_32_BIT_CONVERSION = YES;
				GCC_WARN_ABOUT_RETURN_TYPE = YES_ERROR;
				GCC_WARN_UNDECLARED_SELECTOR = YES;
				GCC_WARN_UNINITIALIZED_AUTOS = YES_AGGRESSIVE;
				GCC_WARN_UNUSED_FUNCTION = YES;
				GCC_WARN_UNUSED_VARIABLE = YES;
				IPHONEOS_DEPLOYMENT_TARGET = 15.5;
				MTL_ENABLE_DEBUG_INFO = NO;
				MTL_FAST_MATH = YES;
				SDKROOT = iphoneos;
				SWIFT_COMPILATION_MODE = wholemodule;
				SWIFT_OPTIMIZATION_LEVEL = "-O";
				VALIDATE_PRODUCT = YES;
			};
			name = Release;
		};
		045563C928BA2DD900CCE00D /* Debug */ = {
			isa = XCBuildConfiguration;
			buildSettings = {
				ASSETCATALOG_COMPILER_APPICON_NAME = AppIcon;
				ASSETCATALOG_COMPILER_GLOBAL_ACCENT_COLOR_NAME = AccentColor;
				CODE_SIGN_STYLE = Automatic;
				CURRENT_PROJECT_VERSION = 1;
				DEVELOPMENT_ASSET_PATHS = "\"MyPlan/Preview Content\"";
				DEVELOPMENT_TEAM = 4PS77ZXW84;
				ENABLE_PREVIEWS = YES;
				GENERATE_INFOPLIST_FILE = YES;
				INFOPLIST_FILE = MyPlan/Info.plist;
				INFOPLIST_KEY_CFBundleDisplayName = Trip;
				INFOPLIST_KEY_UIApplicationSceneManifest_Generation = YES;
				INFOPLIST_KEY_UIApplicationSupportsIndirectInputEvents = YES;
				INFOPLIST_KEY_UILaunchScreen_Generation = YES;
				INFOPLIST_KEY_UISupportedInterfaceOrientations_iPad = "UIInterfaceOrientationPortrait UIInterfaceOrientationPortraitUpsideDown UIInterfaceOrientationLandscapeLeft UIInterfaceOrientationLandscapeRight";
				INFOPLIST_KEY_UISupportedInterfaceOrientations_iPhone = "UIInterfaceOrientationPortrait UIInterfaceOrientationLandscapeLeft UIInterfaceOrientationLandscapeRight";
				LD_RUNPATH_SEARCH_PATHS = (
					"$(inherited)",
					"@executable_path/Frameworks",
				);
				MARKETING_VERSION = 1.0;
				PRODUCT_BUNDLE_IDENTIFIER = "com.Ma-2005.MyPlan";
				PRODUCT_NAME = "$(TARGET_NAME)";
				SWIFT_EMIT_LOC_STRINGS = YES;
				SWIFT_VERSION = 5.0;
				TARGETED_DEVICE_FAMILY = "1,2";
			};
			name = Debug;
		};
		045563CA28BA2DD900CCE00D /* Release */ = {
			isa = XCBuildConfiguration;
			buildSettings = {
				ASSETCATALOG_COMPILER_APPICON_NAME = AppIcon;
				ASSETCATALOG_COMPILER_GLOBAL_ACCENT_COLOR_NAME = AccentColor;
				CODE_SIGN_STYLE = Automatic;
				CURRENT_PROJECT_VERSION = 1;
				DEVELOPMENT_ASSET_PATHS = "\"MyPlan/Preview Content\"";
				DEVELOPMENT_TEAM = 4PS77ZXW84;
				ENABLE_PREVIEWS = YES;
				GENERATE_INFOPLIST_FILE = YES;
				INFOPLIST_FILE = MyPlan/Info.plist;
				INFOPLIST_KEY_CFBundleDisplayName = Trip;
				INFOPLIST_KEY_UIApplicationSceneManifest_Generation = YES;
				INFOPLIST_KEY_UIApplicationSupportsIndirectInputEvents = YES;
				INFOPLIST_KEY_UILaunchScreen_Generation = YES;
				INFOPLIST_KEY_UISupportedInterfaceOrientations_iPad = "UIInterfaceOrientationPortrait UIInterfaceOrientationPortraitUpsideDown UIInterfaceOrientationLandscapeLeft UIInterfaceOrientationLandscapeRight";
				INFOPLIST_KEY_UISupportedInterfaceOrientations_iPhone = "UIInterfaceOrientationPortrait UIInterfaceOrientationLandscapeLeft UIInterfaceOrientationLandscapeRight";
				LD_RUNPATH_SEARCH_PATHS = (
					"$(inherited)",
					"@executable_path/Frameworks",
				);
				MARKETING_VERSION = 1.0;
				PRODUCT_BUNDLE_IDENTIFIER = "com.Ma-2005.MyPlan";
				PRODUCT_NAME = "$(TARGET_NAME)";
				SWIFT_EMIT_LOC_STRINGS = YES;
				SWIFT_VERSION = 5.0;
				TARGETED_DEVICE_FAMILY = "1,2";
			};
			name = Release;
		};
/* End XCBuildConfiguration section */

/* Begin XCConfigurationList section */
		045563B528BA2DD800CCE00D /* Build configuration list for PBXProject "MyPlan" */ = {
			isa = XCConfigurationList;
			buildConfigurations = (
				045563C628BA2DD900CCE00D /* Debug */,
				045563C728BA2DD900CCE00D /* Release */,
			);
			defaultConfigurationIsVisible = 0;
			defaultConfigurationName = Release;
		};
		045563C828BA2DD900CCE00D /* Build configuration list for PBXNativeTarget "MyPlan" */ = {
			isa = XCConfigurationList;
			buildConfigurations = (
				045563C928BA2DD900CCE00D /* Debug */,
				045563CA28BA2DD900CCE00D /* Release */,
			);
			defaultConfigurationIsVisible = 0;
			defaultConfigurationName = Release;
		};
/* End XCConfigurationList section */
	};
	rootObject = 045563B228BA2DD800CCE00D /* Project object */;
}
